# This file is generated by running "yarn install" inside your project.
# Manual changes might be lost - proceed with caution!

__metadata:
  version: 8
  cacheKey: 10c0

"ansi-regex@npm:^4.1.0":
  version: 4.1.1
  resolution: "ansi-regex@npm:4.1.1"
  checksum: 10c0/d36d34234d077e8770169d980fed7b2f3724bfa2a01da150ccd75ef9707c80e883d27cdf7a0eac2f145ac1d10a785a8a855cffd05b85f778629a0db62e7033da
  languageName: node
  linkType: hard

"eventsource-parser@npm:^3.0.1":
  version: 3.0.1
  resolution: "eventsource-parser@npm:3.0.1"
  checksum: 10c0/146ce5ae8325d07645a49bbc54d7ac3aef42f5138bfbbe83d5cf96293b50eab2219926d6cf41eed0a0f90132578089652ba9286a19297662900133a9da6c2fd0
  languageName: node
  linkType: hard

"eventsource@npm:^3.0.6":
  version: 3.0.6
  resolution: "eventsource@npm:3.0.6"
  dependencies:
    eventsource-parser: "npm:^3.0.1"
  checksum: 10c0/074d865ea1c7e29e3243f85a13306e89fca2d775b982dca03fa6bfa75c56827fa89cf1ab9e730db24bd6b104cbdcae074f2b37ba498874e9dd9710fbff4979bb
  languageName: node
  linkType: hard

"prompt-sync@npm:^4.2.0":
  version: 4.2.0
  resolution: "prompt-sync@npm:4.2.0"
  dependencies:
    strip-ansi: "npm:^5.0.0"
  checksum: 10c0/1312154b8d84c7487b734afdc5d9f7e092ac7a3a303aec8dfd3ba680502374f5942ca501943c6314ae77979aa4dcd3c6cd03db5da6ac7e4531d384c9740261ad
  languageName: node
  linkType: hard

"queue@workspace:.":
  version: 0.0.0-use.local
  resolution: "queue@workspace:."
  dependencies:
    eventsource: "npm:^3.0.6"
    prompt-sync: "npm:^4.2.0"
  languageName: unknown
  linkType: soft

"strip-ansi@npm:^5.0.0":
  version: 5.2.0
  resolution: "strip-ansi@npm:5.2.0"
  dependencies:
    ansi-regex: "npm:^4.1.0"
  checksum: 10c0/de4658c8a097ce3b15955bc6008f67c0790f85748bdc025b7bc8c52c7aee94bc4f9e50624516150ed173c3db72d851826cd57e7a85fe4e4bb6dbbebd5d297fdf
  languageName: node
  linkType: hard
